// !$*UTF8*$!
{
	archiveVersion = 1;
	classes = {
	};
	objectVersion = 50;
	objects = {

/* Begin PBXBuildFile section */
		E103818D25BF4F4B005C8610 /* SwiftyAuthApp.swift in Sources */ = {isa = PBXBuildFile; fileRef = E103818C25BF4F4B005C8610 /* SwiftyAuthApp.swift */; };
		E103818F25BF4F4B005C8610 /* ContentView.swift in Sources */ = {isa = PBXBuildFile; fileRef = E103818E25BF4F4B005C8610 /* ContentView.swift */; };
		E103819125BF4F4C005C8610 /* Assets.xcassets in Resources */ = {isa = PBXBuildFile; fileRef = E103819025BF4F4C005C8610 /* Assets.xcassets */; };
		E103819425BF4F4C005C8610 /* Preview Assets.xcassets in Resources */ = {isa = PBXBuildFile; fileRef = E103819325BF4F4C005C8610 /* Preview Assets.xcassets */; };
		E103819F25BF4F4C005C8610 /* SwiftyAuthTests.swift in Sources */ = {isa = PBXBuildFile; fileRef = E103819E25BF4F4C005C8610 /* SwiftyAuthTests.swift */; };
		E10381AA25BF4F4C005C8610 /* SwiftyAuthUITests.swift in Sources */ = {isa = PBXBuildFile; fileRef = E10381A925BF4F4C005C8610 /* SwiftyAuthUITests.swift */; };
		E12EBD0226B4AB1400C0A2D7 /* Theme.swift in Sources */ = {isa = PBXBuildFile; fileRef = E12EBD0126B4AB1400C0A2D7 /* Theme.swift */; };
		E12EBD0426B4D3B300C0A2D7 /* AuthenticationView.swift in Sources */ = {isa = PBXBuildFile; fileRef = E12EBD0326B4D3B300C0A2D7 /* AuthenticationView.swift */; };
		E1A0A98426C19BFB00F83143 /* User.swift in Sources */ = {isa = PBXBuildFile; fileRef = E1A0A98326C19BFB00F83143 /* User.swift */; };
		E1A0A98626C19E7800F83143 /* UserManager.swift in Sources */ = {isa = PBXBuildFile; fileRef = E1A0A98526C19E7800F83143 /* UserManager.swift */; };
/* End PBXBuildFile section */

/* Begin PBXContainerItemProxy section */
		E103819B25BF4F4C005C8610 /* PBXContainerItemProxy */ = {
			isa = PBXContainerItemProxy;
			containerPortal = E103818125BF4F4B005C8610 /* Project object */;
			proxyType = 1;
			remoteGlobalIDString = E103818825BF4F4B005C8610;
			remoteInfo = SwiftyAuth;
		};
		E10381A625BF4F4C005C8610 /* PBXContainerItemProxy */ = {
			isa = PBXContainerItemProxy;
			containerPortal = E103818125BF4F4B005C8610 /* Project object */;
			proxyType = 1;
			remoteGlobalIDString = E103818825BF4F4B005C8610;
			remoteInfo = SwiftyAuth;
		};
/* End PBXContainerItemProxy section */

/* Begin PBXFileReference section */
		E103818925BF4F4B005C8610 /* SwiftyAuth.app */ = {isa = PBXFileReference; explicitFileType = wrapper.application; includeInIndex = 0; path = SwiftyAuth.app; sourceTree = BUILT_PRODUCTS_DIR; };
		E103818C25BF4F4B005C8610 /* SwiftyAuthApp.swift */ = {isa = PBXFileReference; lastKnownFileType = sourcecode.swift; path = SwiftyAuthApp.swift; sourceTree = "<group>"; };
		E103818E25BF4F4B005C8610 /* ContentView.swift */ = {isa = PBXFileReference; lastKnownFileType = sourcecode.swift; path = ContentView.swift; sourceTree = "<group>"; };
		E103819025BF4F4C005C8610 /* Assets.xcassets */ = {isa = PBXFileReference; lastKnownFileType = folder.assetcatalog; path = Assets.xcassets; sourceTree = "<group>"; };
		E103819325BF4F4C005C8610 /* Preview Assets.xcassets */ = {isa = PBXFileReference; lastKnownFileType = folder.assetcatalog; path = "Preview Assets.xcassets"; sourceTree = "<group>"; };
		E103819525BF4F4C005C8610 /* Info.plist */ = {isa = PBXFileReference; lastKnownFileType = text.plist.xml; path = Info.plist; sourceTree = "<group>"; };
		E103819A25BF4F4C005C8610 /* SwiftyAuthTests.xctest */ = {isa = PBXFileReference; explicitFileType = wrapper.cfbundle; includeInIndex = 0; path = SwiftyAuthTests.xctest; sourceTree = BUILT_PRODUCTS_DIR; };
		E103819E25BF4F4C005C8610 /* SwiftyAuthTests.swift */ = {isa = PBXFileReference; lastKnownFileType = sourcecode.swift; path = SwiftyAuthTests.swift; sourceTree = "<group>"; };
		E10381A025BF4F4C005C8610 /* Info.plist */ = {isa = PBXFileReference; lastKnownFileType = text.plist.xml; path = Info.plist; sourceTree = "<group>"; };
		E10381A525BF4F4C005C8610 /* SwiftyAuthUITests.xctest */ = {isa = PBXFileReference; explicitFileType = wrapper.cfbundle; includeInIndex = 0; path = SwiftyAuthUITests.xctest; sourceTree = BUILT_PRODUCTS_DIR; };
		E10381A925BF4F4C005C8610 /* SwiftyAuthUITests.swift */ = {isa = PBXFileReference; lastKnownFileType = sourcecode.swift; path = SwiftyAuthUITests.swift; sourceTree = "<group>"; };
		E10381AB25BF4F4C005C8610 /* Info.plist */ = {isa = PBXFileReference; lastKnownFileType = text.plist.xml; path = Info.plist; sourceTree = "<group>"; };
		E12EBD0126B4AB1400C0A2D7 /* Theme.swift */ = {isa = PBXFileReference; lastKnownFileType = sourcecode.swift; path = Theme.swift; sourceTree = "<group>"; };
		E12EBD0326B4D3B300C0A2D7 /* AuthenticationView.swift */ = {isa = PBXFileReference; lastKnownFileType = sourcecode.swift; path = AuthenticationView.swift; sourceTree = "<group>"; };
		E1A0A98326C19BFB00F83143 /* User.swift */ = {isa = PBXFileReference; lastKnownFileType = sourcecode.swift; path = User.swift; sourceTree = "<group>"; };
		E1A0A98526C19E7800F83143 /* UserManager.swift */ = {isa = PBXFileReference; lastKnownFileType = sourcecode.swift; path = UserManager.swift; sourceTree = "<group>"; };
/* End PBXFileReference section */

/* Begin PBXFrameworksBuildPhase section */
		E103818625BF4F4B005C8610 /* Frameworks */ = {
			isa = PBXFrameworksBuildPhase;
			buildActionMask = 2147483647;
			files = (
			);
			runOnlyForDeploymentPostprocessing = 0;
		};
		E103819725BF4F4C005C8610 /* Frameworks */ = {
			isa = PBXFrameworksBuildPhase;
			buildActionMask = 2147483647;
			files = (
			);
			runOnlyForDeploymentPostprocessing = 0;
		};
		E10381A225BF4F4C005C8610 /* Frameworks */ = {
			isa = PBXFrameworksBuildPhase;
			buildActionMask = 2147483647;
			files = (
			);
			runOnlyForDeploymentPostprocessing = 0;
		};
/* End PBXFrameworksBuildPhase section */

/* Begin PBXGroup section */
		E103818025BF4F4B005C8610 = {
			isa = PBXGroup;
			children = (
				E103818B25BF4F4B005C8610 /* SwiftyAuth */,
				E103819D25BF4F4C005C8610 /* SwiftyAuthTests */,
				E10381A825BF4F4C005C8610 /* SwiftyAuthUITests */,
				E103818A25BF4F4B005C8610 /* Products */,
			);
			sourceTree = "<group>";
		};
		E103818A25BF4F4B005C8610 /* Products */ = {
			isa = PBXGroup;
			children = (
				E103818925BF4F4B005C8610 /* SwiftyAuth.app */,
				E103819A25BF4F4C005C8610 /* SwiftyAuthTests.xctest */,
				E10381A525BF4F4C005C8610 /* SwiftyAuthUITests.xctest */,
			);
			name = Products;
			sourceTree = "<group>";
		};
		E103818B25BF4F4B005C8610 /* SwiftyAuth */ = {
			isa = PBXGroup;
			children = (
				E103818C25BF4F4B005C8610 /* SwiftyAuthApp.swift */,
				E103818E25BF4F4B005C8610 /* ContentView.swift */,
				E12EBD0326B4D3B300C0A2D7 /* AuthenticationView.swift */,
				E1A0A98526C19E7800F83143 /* UserManager.swift */,
				E1A0A98326C19BFB00F83143 /* User.swift */,
				E12EBD0126B4AB1400C0A2D7 /* Theme.swift */,
				E103819025BF4F4C005C8610 /* Assets.xcassets */,
				E103819525BF4F4C005C8610 /* Info.plist */,
				E103819225BF4F4C005C8610 /* Preview Content */,
			);
			path = SwiftyAuth;
			sourceTree = "<group>";
		};
		E103819225BF4F4C005C8610 /* Preview Content */ = {
			isa = PBXGroup;
			children = (
				E103819325BF4F4C005C8610 /* Preview Assets.xcassets */,
			);
			path = "Preview Content";
			sourceTree = "<group>";
		};
		E103819D25BF4F4C005C8610 /* SwiftyAuthTests */ = {
			isa = PBXGroup;
			children = (
				E103819E25BF4F4C005C8610 /* SwiftyAuthTests.swift */,
				E10381A025BF4F4C005C8610 /* Info.plist */,
			);
			path = SwiftyAuthTests;
			sourceTree = "<group>";
		};
		E10381A825BF4F4C005C8610 /* SwiftyAuthUITests */ = {
			isa = PBXGroup;
			children = (
				E10381A925BF4F4C005C8610 /* SwiftyAuthUITests.swift */,
				E10381AB25BF4F4C005C8610 /* Info.plist */,
			);
			path = SwiftyAuthUITests;
			sourceTree = "<group>";
		};
/* End PBXGroup section */

/* Begin PBXNativeTarget section */
		E103818825BF4F4B005C8610 /* SwiftyAuth */ = {
			isa = PBXNativeTarget;
			buildConfigurationList = E10381AE25BF4F4C005C8610 /* Build configuration list for PBXNativeTarget "SwiftyAuth" */;
			buildPhases = (
				E103818525BF4F4B005C8610 /* Sources */,
				E103818625BF4F4B005C8610 /* Frameworks */,
				E103818725BF4F4B005C8610 /* Resources */,
			);
			buildRules = (
			);
			dependencies = (
			);
			name = SwiftyAuth;
			productName = SwiftyAuth;
			productReference = E103818925BF4F4B005C8610 /* SwiftyAuth.app */;
			productType = "com.apple.product-type.application";
		};
		E103819925BF4F4C005C8610 /* SwiftyAuthTests */ = {
			isa = PBXNativeTarget;
			buildConfigurationList = E10381B125BF4F4C005C8610 /* Build configuration list for PBXNativeTarget "SwiftyAuthTests" */;
			buildPhases = (
				E103819625BF4F4C005C8610 /* Sources */,
				E103819725BF4F4C005C8610 /* Frameworks */,
				E103819825BF4F4C005C8610 /* Resources */,
			);
			buildRules = (
			);
			dependencies = (
				E103819C25BF4F4C005C8610 /* PBXTargetDependency */,
			);
			name = SwiftyAuthTests;
			productName = SwiftyAuthTests;
			productReference = E103819A25BF4F4C005C8610 /* SwiftyAuthTests.xctest */;
			productType = "com.apple.product-type.bundle.unit-test";
		};
		E10381A425BF4F4C005C8610 /* SwiftyAuthUITests */ = {
			isa = PBXNativeTarget;
			buildConfigurationList = E10381B425BF4F4C005C8610 /* Build configuration list for PBXNativeTarget "SwiftyAuthUITests" */;
			buildPhases = (
				E10381A125BF4F4C005C8610 /* Sources */,
				E10381A225BF4F4C005C8610 /* Frameworks */,
				E10381A325BF4F4C005C8610 /* Resources */,
			);
			buildRules = (
			);
			dependencies = (
				E10381A725BF4F4C005C8610 /* PBXTargetDependency */,
			);
			name = SwiftyAuthUITests;
			productName = SwiftyAuthUITests;
			productReference = E10381A525BF4F4C005C8610 /* SwiftyAuthUITests.xctest */;
			productType = "com.apple.product-type.bundle.ui-testing";
		};
/* End PBXNativeTarget section */

/* Begin PBXProject section */
		E103818125BF4F4B005C8610 /* Project object */ = {
			isa = PBXProject;
			attributes = {
				LastSwiftUpdateCheck = 1240;
				LastUpgradeCheck = 1240;
				TargetAttributes = {
					E103818825BF4F4B005C8610 = {
						CreatedOnToolsVersion = 12.4;
					};
					E103819925BF4F4C005C8610 = {
						CreatedOnToolsVersion = 12.4;
						TestTargetID = E103818825BF4F4B005C8610;
					};
					E10381A425BF4F4C005C8610 = {
						CreatedOnToolsVersion = 12.4;
						TestTargetID = E103818825BF4F4B005C8610;
					};
				};
			};
			buildConfigurationList = E103818425BF4F4B005C8610 /* Build configuration list for PBXProject "SwiftyAuth" */;
			compatibilityVersion = "Xcode 9.3";
			developmentRegion = en;
			hasScannedForEncodings = 0;
			knownRegions = (
				en,
				Base,
			);
			mainGroup = E103818025BF4F4B005C8610;
			productRefGroup = E103818A25BF4F4B005C8610 /* Products */;
			projectDirPath = "";
			projectRoot = "";
			targets = (
				E103818825BF4F4B005C8610 /* SwiftyAuth */,
				E103819925BF4F4C005C8610 /* SwiftyAuthTests */,
				E10381A425BF4F4C005C8610 /* SwiftyAuthUITests */,
			);
		};
/* End PBXProject section */

/* Begin PBXResourcesBuildPhase section */
		E103818725BF4F4B005C8610 /* Resources */ = {
			isa = PBXResourcesBuildPhase;
			buildActionMask = 2147483647;
			files = (
				E103819425BF4F4C005C8610 /* Preview Assets.xcassets in Resources */,
				E103819125BF4F4C005C8610 /* Assets.xcassets in Resources */,
			);
			runOnlyForDeploymentPostprocessing = 0;
		};
		E103819825BF4F4C005C8610 /* Resources */ = {
			isa = PBXResourcesBuildPhase;
			buildActionMask = 2147483647;
			files = (
			);
			runOnlyForDeploymentPostprocessing = 0;
		};
		E10381A325BF4F4C005C8610 /* Resources */ = {
			isa = PBXResourcesBuildPhase;
			buildActionMask = 2147483647;
			files = (
			);
			runOnlyForDeploymentPostprocessing = 0;
		};
/* End PBXResourcesBuildPhase section */

/* Begin PBXSourcesBuildPhase section */
		E103818525BF4F4B005C8610 /* Sources */ = {
			isa = PBXSourcesBuildPhase;
			buildActionMask = 2147483647;
			files = (
				E1A0A98626C19E7800F83143 /* UserManager.swift in Sources */,
				E12EBD0226B4AB1400C0A2D7 /* Theme.swift in Sources */,
				E103818F25BF4F4B005C8610 /* ContentView.swift in Sources */,
				E12EBD0426B4D3B300C0A2D7 /* AuthenticationView.swift in Sources */,
				E1A0A98426C19BFB00F83143 /* User.swift in Sources */,
				E103818D25BF4F4B005C8610 /* SwiftyAuthApp.swift in Sources */,
			);
			runOnlyForDeploymentPostprocessing = 0;
		};
		E103819625BF4F4C005C8610 /* Sources */ = {
			isa = PBXSourcesBuildPhase;
			buildActionMask = 2147483647;
			files = (
				E103819F25BF4F4C005C8610 /* SwiftyAuthTests.swift in Sources */,
			);
			runOnlyForDeploymentPostprocessing = 0;
		};
		E10381A125BF4F4C005C8610 /* Sources */ = {
			isa = PBXSourcesBuildPhase;
			buildActionMask = 2147483647;
			files = (
				E10381AA25BF4F4C005C8610 /* SwiftyAuthUITests.swift in Sources */,
			);
			runOnlyForDeploymentPostprocessing = 0;
		};
/* End PBXSourcesBuildPhase section */

/* Begin PBXTargetDependency section */
		E103819C25BF4F4C005C8610 /* PBXTargetDependency */ = {
			isa = PBXTargetDependency;
			target = E103818825BF4F4B005C8610 /* SwiftyAuth */;
			targetProxy = E103819B25BF4F4C005C8610 /* PBXContainerItemProxy */;
		};
		E10381A725BF4F4C005C8610 /* PBXTargetDependency */ = {
			isa = PBXTargetDependency;
			target = E103818825BF4F4B005C8610 /* SwiftyAuth */;
			targetProxy = E10381A625BF4F4C005C8610 /* PBXContainerItemProxy */;
		};
/* End PBXTargetDependency section */

/* Begin XCBuildConfiguration section */
		E10381AC25BF4F4C005C8610 /* Debug */ = {
			isa = XCBuildConfiguration;
			buildSettings = {
				ALWAYS_SEARCH_USER_PATHS = NO;
				CLANG_ANALYZER_NONNULL = YES;
				CLANG_ANALYZER_NUMBER_OBJECT_CONVERSION = YES_AGGRESSIVE;
				CLANG_CXX_LANGUAGE_STANDARD = "gnu++14";
				CLANG_CXX_LIBRARY = "libc++";
				CLANG_ENABLE_MODULES = YES;
				CLANG_ENABLE_OBJC_ARC = YES;
				CLANG_ENABLE_OBJC_WEAK = YES;
				CLANG_WARN_BLOCK_CAPTURE_AUTORELEASING = YES;
				CLANG_WARN_BOOL_CONVERSION = YES;
				CLANG_WARN_COMMA = YES;
				CLANG_WARN_CONSTANT_CONVERSION = YES;
				CLANG_WARN_DEPRECATED_OBJC_IMPLEMENTATIONS = YES;
				CLANG_WARN_DIRECT_OBJC_ISA_USAGE = YES_ERROR;
				CLANG_WARN_DOCUMENTATION_COMMENTS = YES;
				CLANG_WARN_EMPTY_BODY = YES;
				CLANG_WARN_ENUM_CONVERSION = YES;
				CLANG_WARN_INFINITE_RECURSION = YES;
				CLANG_WARN_INT_CONVERSION = YES;
				CLANG_WARN_NON_LITERAL_NULL_CONVERSION = YES;
				CLANG_WARN_OBJC_IMPLICIT_RETAIN_SELF = YES;
				CLANG_WARN_OBJC_LITERAL_CONVERSION = YES;
				CLANG_WARN_OBJC_ROOT_CLASS = YES_ERROR;
				CLANG_WARN_QUOTED_INCLUDE_IN_FRAMEWORK_HEADER = YES;
				CLANG_WARN_RANGE_LOOP_ANALYSIS = YES;
				CLANG_WARN_STRICT_PROTOTYPES = YES;
				CLANG_WARN_SUSPICIOUS_MOVE = YES;
				CLANG_WARN_UNGUARDED_AVAILABILITY = YES_AGGRESSIVE;
				CLANG_WARN_UNREACHABLE_CODE = YES;
				CLANG_WARN__DUPLICATE_METHOD_MATCH = YES;
				COPY_PHASE_STRIP = NO;
				DEBUG_INFORMATION_FORMAT = dwarf;
				ENABLE_STRICT_OBJC_MSGSEND = YES;
				ENABLE_TESTABILITY = YES;
				GCC_C_LANGUAGE_STANDARD = gnu11;
				GCC_DYNAMIC_NO_PIC = NO;
				GCC_NO_COMMON_BLOCKS = YES;
				GCC_OPTIMIZATION_LEVEL = 0;
				GCC_PREPROCESSOR_DEFINITIONS = (
					"DEBUG=1",
					"$(inherited)",
				);
				GCC_WARN_64_TO_32_BIT_CONVERSION = YES;
				GCC_WARN_ABOUT_RETURN_TYPE = YES_ERROR;
				GCC_WARN_UNDECLARED_SELECTOR = YES;
				GCC_WARN_UNINITIALIZED_AUTOS = YES_AGGRESSIVE;
				GCC_WARN_UNUSED_FUNCTION = YES;
				GCC_WARN_UNUSED_VARIABLE = YES;
				IPHONEOS_DEPLOYMENT_TARGET = 14.4;
				MTL_ENABLE_DEBUG_INFO = INCLUDE_SOURCE;
				MTL_FAST_MATH = YES;
				ONLY_ACTIVE_ARCH = YES;
				SDKROOT = iphoneos;
				SWIFT_ACTIVE_COMPILATION_CONDITIONS = DEBUG;
				SWIFT_OPTIMIZATION_LEVEL = "-Onone";
			};
			name = Debug;
		};
		E10381AD25BF4F4C005C8610 /* Release */ = {
			isa = XCBuildConfiguration;
			buildSettings = {
				ALWAYS_SEARCH_USER_PATHS = NO;
				CLANG_ANALYZER_NONNULL = YES;
				CLANG_ANALYZER_NUMBER_OBJECT_CONVERSION = YES_AGGRESSIVE;
				CLANG_CXX_LANGUAGE_STANDARD = "gnu++14";
				CLANG_CXX_LIBRARY = "libc++";
				CLANG_ENABLE_MODULES = YES;
				CLANG_ENABLE_OBJC_ARC = YES;
				CLANG_ENABLE_OBJC_WEAK = YES;
				CLANG_WARN_BLOCK_CAPTURE_AUTORELEASING = YES;
				CLANG_WARN_BOOL_CONVERSION = YES;
				CLANG_WARN_COMMA = YES;
				CLANG_WARN_CONSTANT_CONVERSION = YES;
				CLANG_WARN_DEPRECATED_OBJC_IMPLEMENTATIONS = YES;
				CLANG_WARN_DIRECT_OBJC_ISA_USAGE = YES_ERROR;
				CLANG_WARN_DOCUMENTATION_COMMENTS = YES;
				CLANG_WARN_EMPTY_BODY = YES;
				CLANG_WARN_ENUM_CONVERSION = YES;
				CLANG_WARN_INFINITE_RECURSION = YES;
				CLANG_WARN_INT_CONVERSION = YES;
				CLANG_WARN_NON_LITERAL_NULL_CONVERSION = YES;
				CLANG_WARN_OBJC_IMPLICIT_RETAIN_SELF = YES;
				CLANG_WARN_OBJC_LITERAL_CONVERSION = YES;
				CLANG_WARN_OBJC_ROOT_CLASS = YES_ERROR;
				CLANG_WARN_QUOTED_INCLUDE_IN_FRAMEWORK_HEADER = YES;
				CLANG_WARN_RANGE_LOOP_ANALYSIS = YES;
				CLANG_WARN_STRICT_PROTOTYPES = YES;
				CLANG_WARN_SUSPICIOUS_MOVE = YES;
				CLANG_WARN_UNGUARDED_AVAILABILITY = YES_AGGRESSIVE;
				CLANG_WARN_UNREACHABLE_CODE = YES;
				CLANG_WARN__DUPLICATE_METHOD_MATCH = YES;
				COPY_PHASE_STRIP = NO;
				DEBUG_INFORMATION_FORMAT = "dwarf-with-dsym";
				ENABLE_NS_ASSERTIONS = NO;
				ENABLE_STRICT_OBJC_MSGSEND = YES;
				GCC_C_LANGUAGE_STANDARD = gnu11;
				GCC_NO_COMMON_BLOCKS = YES;
				GCC_WARN_64_TO_32_BIT_CONVERSION = YES;
				GCC_WARN_ABOUT_RETURN_TYPE = YES_ERROR;
				GCC_WARN_UNDECLARED_SELECTOR = YES;
				GCC_WARN_UNINITIALIZED_AUTOS = YES_AGGRESSIVE;
				GCC_WARN_UNUSED_FUNCTION = YES;
				GCC_WARN_UNUSED_VARIABLE = YES;
				IPHONEOS_DEPLOYMENT_TARGET = 14.4;
				MTL_ENABLE_DEBUG_INFO = NO;
				MTL_FAST_MATH = YES;
				SDKROOT = iphoneos;
				SWIFT_COMPILATION_MODE = wholemodule;
				SWIFT_OPTIMIZATION_LEVEL = "-O";
				VALIDATE_PRODUCT = YES;
			};
			name = Release;
		};
		E10381AF25BF4F4C005C8610 /* Debug */ = {
			isa = XCBuildConfiguration;
			buildSettings = {
				ASSETCATALOG_COMPILER_APPICON_NAME = AppIcon;
				ASSETCATALOG_COMPILER_GLOBAL_ACCENT_COLOR_NAME = AccentColor;
				CODE_SIGN_STYLE = Automatic;
				DEVELOPMENT_ASSET_PATHS = "\"SwiftyAuth/Preview Content\"";
				DEVELOPMENT_TEAM = G69M4N2Z8V;
				ENABLE_PREVIEWS = YES;
				INFOPLIST_FILE = SwiftyAuth/Info.plist;
				IPHONEOS_DEPLOYMENT_TARGET = 15.0;
				LD_RUNPATH_SEARCH_PATHS = (
					"$(inherited)",
					"@executable_path/Frameworks",
				);
				PRODUCT_BUNDLE_IDENTIFIER = com.rwhtechnology.SwiftyAuth;
				PRODUCT_NAME = "$(TARGET_NAME)";
				SWIFT_VERSION = 5.0;
				TARGETED_DEVICE_FAMILY = 1;
			};
			name = Debug;
		};
		E10381B025BF4F4C005C8610 /* Release */ = {
			isa = XCBuildConfiguration;
			buildSettings = {
				ASSETCATALOG_COMPILER_APPICON_NAME = AppIcon;
				ASSETCATALOG_COMPILER_GLOBAL_ACCENT_COLOR_NAME = AccentColor;
				CODE_SIGN_STYLE = Automatic;
				DEVELOPMENT_ASSET_PATHS = "\"SwiftyAuth/Preview Content\"";
				DEVELOPMENT_TEAM = G69M4N2Z8V;
				ENABLE_PREVIEWS = YES;
				INFOPLIST_FILE = SwiftyAuth/Info.plist;
				IPHONEOS_DEPLOYMENT_TARGET = 15.0;
				LD_RUNPATH_SEARCH_PATHS = (
					"$(inherited)",
					"@executable_path/Frameworks",
				);
				PRODUCT_BUNDLE_IDENTIFIER = com.rwhtechnology.SwiftyAuth;
				PRODUCT_NAME = "$(TARGET_NAME)";
				SWIFT_VERSION = 5.0;
				TARGETED_DEVICE_FAMILY = 1;
			};
			name = Release;
		};
		E10381B225BF4F4C005C8610 /* Debug */ = {
			isa = XCBuildConfiguration;
			buildSettings = {
				ALWAYS_EMBED_SWIFT_STANDARD_LIBRARIES = YES;
				BUNDLE_LOADER = "$(TEST_HOST)";
				CODE_SIGN_STYLE = Automatic;
				DEVELOPMENT_TEAM = G69M4N2Z8V;
				INFOPLIST_FILE = SwiftyAuthTests/Info.plist;
				IPHONEOS_DEPLOYMENT_TARGET = 14.0;
				LD_RUNPATH_SEARCH_PATHS = (
					"$(inherited)",
					"@executable_path/Frameworks",
					"@loader_path/Frameworks",
				);
				PRODUCT_BUNDLE_IDENTIFIER = com.rwhtechnology.SwiftyAuthTests;
				PRODUCT_NAME = "$(TARGET_NAME)";
				SWIFT_VERSION = 5.0;
				TARGETED_DEVICE_FAMILY = "1,2";
				TEST_HOST = "$(BUILT_PRODUCTS_DIR)/SwiftyAuth.app/SwiftyAuth";
			};
			name = Debug;
		};
		E10381B325BF4F4C005C8610 /* Release */ = {
			isa = XCBuildConfiguration;
			buildSettings = {
				ALWAYS_EMBED_SWIFT_STANDARD_LIBRARIES = YES;
				BUNDLE_LOADER = "$(TEST_HOST)";
				CODE_SIGN_STYLE = Automatic;
				DEVELOPMENT_TEAM = G69M4N2Z8V;
				INFOPLIST_FILE = SwiftyAuthTests/Info.plist;
				IPHONEOS_DEPLOYMENT_TARGET = 14.0;
				LD_RUNPATH_SEARCH_PATHS = (
					"$(inherited)",
					"@executable_path/Frameworks",
					"@loader_path/Frameworks",
				);
				PRODUCT_BUNDLE_IDENTIFIER = com.rwhtechnology.SwiftyAuthTests;
				PRODUCT_NAME = "$(TARGET_NAME)";
				SWIFT_VERSION = 5.0;
				TARGETED_DEVICE_FAMILY = "1,2";
				TEST_HOST = "$(BUILT_PRODUCTS_DIR)/SwiftyAuth.app/SwiftyAuth";
			};
			name = Release;
		};
		E10381B525BF4F4C005C8610 /* Debug */ = {
			isa = XCBuildConfiguration;
			buildSettings = {
				ALWAYS_EMBED_SWIFT_STANDARD_LIBRARIES = YES;
				CODE_SIGN_STYLE = Automatic;
				DEVELOPMENT_TEAM = G69M4N2Z8V;
				INFOPLIST_FILE = SwiftyAuthUITests/Info.plist;
				LD_RUNPATH_SEARCH_PATHS = (
					"$(inherited)",
					"@executable_path/Frameworks",
					"@loader_path/Frameworks",
				);
				PRODUCT_BUNDLE_IDENTIFIER = com.rwhtechnology.SwiftyAuthUITests;
				PRODUCT_NAME = "$(TARGET_NAME)";
				SWIFT_VERSION = 5.0;
				TARGETED_DEVICE_FAMILY = "1,2";
				TEST_TARGET_NAME = SwiftyAuth;
			};
			name = Debug;
		};
		E10381B625BF4F4C005C8610 /* Release */ = {
			isa = XCBuildConfiguration;
			buildSettings = {
				ALWAYS_EMBED_SWIFT_STANDARD_LIBRARIES = YES;
				CODE_SIGN_STYLE = Automatic;
				DEVELOPMENT_TEAM = G69M4N2Z8V;
				INFOPLIST_FILE = SwiftyAuthUITests/Info.plist;
				LD_RUNPATH_SEARCH_PATHS = (
					"$(inherited)",
					"@executable_path/Frameworks",
					"@loader_path/Frameworks",
				);
				PRODUCT_BUNDLE_IDENTIFIER = com.rwhtechnology.SwiftyAuthUITests;
				PRODUCT_NAME = "$(TARGET_NAME)";
				SWIFT_VERSION = 5.0;
				TARGETED_DEVICE_FAMILY = "1,2";
				TEST_TARGET_NAME = SwiftyAuth;
			};
			name = Release;
		};
/* End XCBuildConfiguration section */

/* Begin XCConfigurationList section */
		E103818425BF4F4B005C8610 /* Build configuration list for PBXProject "SwiftyAuth" */ = {
			isa = XCConfigurationList;
			buildConfigurations = (
				E10381AC25BF4F4C005C8610 /* Debug */,
				E10381AD25BF4F4C005C8610 /* Release */,
			);
			defaultConfigurationIsVisible = 0;
			defaultConfigurationName = Release;
		};
		E10381AE25BF4F4C005C8610 /* Build configuration list for PBXNativeTarget "SwiftyAuth" */ = {
			isa = XCConfigurationList;
			buildConfigurations = (
				E10381AF25BF4F4C005C8610 /* Debug */,
				E10381B025BF4F4C005C8610 /* Release */,
			);
			defaultConfigurationIsVisible = 0;
			defaultConfigurationName = Release;
		};
		E10381B125BF4F4C005C8610 /* Build configuration list for PBXNativeTarget "SwiftyAuthTests" */ = {
			isa = XCConfigurationList;
			buildConfigurations = (
				E10381B225BF4F4C005C8610 /* Debug */,
				E10381B325BF4F4C005C8610 /* Release */,
			);
			defaultConfigurationIsVisible = 0;
			defaultConfigurationName = Release;
		};
		E10381B425BF4F4C005C8610 /* Build configuration list for PBXNativeTarget "SwiftyAuthUITests" */ = {
			isa = XCConfigurationList;
			buildConfigurations = (
				E10381B525BF4F4C005C8610 /* Debug */,
				E10381B625BF4F4C005C8610 /* Release */,
			);
			defaultConfigurationIsVisible = 0;
			defaultConfigurationName = Release;
		};
/* End XCConfigurationList section */
	};
	rootObject = E103818125BF4F4B005C8610 /* Project object */;
}
